// !$*UTF8*$!
{
	archiveVersion = 1;
	classes = {
	};
	objectVersion = 46;
	objects = {

/* Begin PBXBuildFile section */
		0415071716B9B77F00D9AB7A /* ScriptingBridge.framework in Frameworks */ = {isa = PBXBuildFile; fileRef = 0415071616B9B77F00D9AB7A /* ScriptingBridge.framework */; };
		0415071A16B9B94C00D9AB7A /* ScriptingBridge.framework in Frameworks */ = {isa = PBXBuildFile; fileRef = 0415071616B9B77F00D9AB7A /* ScriptingBridge.framework */; };
		0415072B16B9CFCE00D9AB7A /* Security.framework in Frameworks */ = {isa = PBXBuildFile; fileRef = 0415072A16B9CFCE00D9AB7A /* Security.framework */; };
		043334A016ED43FC0029C2F3 /* Util.m in Sources */ = {isa = PBXBuildFile; fileRef = 0433349F16ED43FC0029C2F3 /* Util.m */; };
		043334A316ED44240029C2F3 /* NSFileManager+Directories.m in Sources */ = {isa = PBXBuildFile; fileRef = 043334A216ED44240029C2F3 /* NSFileManager+Directories.m */; };
		043A043316EFDBF3001514B0 /* NSOperationQueue+CWSharedQueue.m in Sources */ = {isa = PBXBuildFile; fileRef = 043A043216EFDBDF001514B0 /* NSOperationQueue+CWSharedQueue.m */; };
		043A043516EFE3FD001514B0 /* HandBrakeCLI in Resources */ = {isa = PBXBuildFile; fileRef = 043A043416EFE3FD001514B0 /* HandBrakeCLI */; };
		043A043716EFEA41001514B0 /* SublerCLI in Resources */ = {isa = PBXBuildFile; fileRef = 043A043616EFEA41001514B0 /* SublerCLI */; };
		043A055A16F20006001514B0 /* AVFoundation.framework in Frameworks */ = {isa = PBXBuildFile; fileRef = 043A055916F20006001514B0 /* AVFoundation.framework */; };
		043A055C16F22434001514B0 /* ffmpeg in Resources */ = {isa = PBXBuildFile; fileRef = 043A055B16F22434001514B0 /* ffmpeg */; };
		0443EBFE16EDE3C60090EE4A /* README.md in Resources */ = {isa = PBXBuildFile; fileRef = 0443EBFB16EDE3C60090EE4A /* README.md */; };
		0443EBFF16EDE3C60090EE4A /* VDKQueue.m in Sources */ = {isa = PBXBuildFile; fileRef = 0443EBFD16EDE3C60090EE4A /* VDKQueue.m */; };
		0443EC0216EE7DB00090EE4A /* Converter.m in Sources */ = {isa = PBXBuildFile; fileRef = 0443EC0116EE7DB00090EE4A /* Converter.m */; };
		044B307716F902F50093AEC9 /* Movie.m in Sources */ = {isa = PBXBuildFile; fileRef = 044B307616F902F50093AEC9 /* Movie.m */; };
		044B309016F905460093AEC9 /* NSString+Helper.m in Sources */ = {isa = PBXBuildFile; fileRef = 044B307E16F905460093AEC9 /* NSString+Helper.m */; };
		044B309116F905460093AEC9 /* iTVDb.podspec in Resources */ = {isa = PBXBuildFile; fileRef = 044B308016F905460093AEC9 /* iTVDb.podspec */; };
		044B309216F905460093AEC9 /* LICENSE in Resources */ = {isa = PBXBuildFile; fileRef = 044B308116F905460093AEC9 /* LICENSE */; };
		044B309316F905460093AEC9 /* README.md in Resources */ = {isa = PBXBuildFile; fileRef = 044B308216F905460093AEC9 /* README.md */; };
		044B309416F905460093AEC9 /* TVDbClient.m in Sources */ = {isa = PBXBuildFile; fileRef = 044B308416F905460093AEC9 /* TVDbClient.m */; };
		044B309516F905460093AEC9 /* TVDbEpisode.m in Sources */ = {isa = PBXBuildFile; fileRef = 044B308616F905460093AEC9 /* TVDbEpisode.m */; };
		044B309616F905460093AEC9 /* TVDbImage.m in Sources */ = {isa = PBXBuildFile; fileRef = 044B308816F905460093AEC9 /* TVDbImage.m */; };
		044B309716F905460093AEC9 /* TVDbShow.m in Sources */ = {isa = PBXBuildFile; fileRef = 044B308A16F905460093AEC9 /* TVDbShow.m */; };
		044B309816F905460093AEC9 /* TVDbUpdater.m in Sources */ = {isa = PBXBuildFile; fileRef = 044B308C16F905460093AEC9 /* TVDbUpdater.m */; };
		044B309916F905460093AEC9 /* XMLReader.m in Sources */ = {isa = PBXBuildFile; fileRef = 044B308F16F905460093AEC9 /* XMLReader.m */; };
		044B309C16F905DE0093AEC9 /* TVShow.m in Sources */ = {isa = PBXBuildFile; fileRef = 044B309B16F905DE0093AEC9 /* TVShow.m */; };
		044B309F16F908510093AEC9 /* IMDB.m in Sources */ = {isa = PBXBuildFile; fileRef = 044B309E16F908510093AEC9 /* IMDB.m */; };
		049ACB1116C5798E007F103C /* handleBarIcon.png in Resources */ = {isa = PBXBuildFile; fileRef = 049ACB1016C5798E007F103C /* handleBarIcon.png */; };
		04B4D96916E6AD6700BFE4AF /* PrefLocationsViewController.m in Sources */ = {isa = PBXBuildFile; fileRef = 04B4D96816E6AD6700BFE4AF /* PrefLocationsViewController.m */; };
		04B4D96B16E6B1FA00BFE4AF /* PrefLocationsViewController.xib in Resources */ = {isa = PBXBuildFile; fileRef = 04B4D96A16E6B1FA00BFE4AF /* PrefLocationsViewController.xib */; };
		04B4D97016E7588500BFE4AF /* Preferences.m in Sources */ = {isa = PBXBuildFile; fileRef = 04B4D96F16E7588500BFE4AF /* Preferences.m */; };
		04B4D97316E7A21400BFE4AF /* FileSelect.m in Sources */ = {isa = PBXBuildFile; fileRef = 04B4D97216E7A21400BFE4AF /* FileSelect.m */; };
		04B4D97516E7E28000BFE4AF /* languages.plist in Resources */ = {isa = PBXBuildFile; fileRef = 04B4D97416E7E28000BFE4AF /* languages.plist */; };
		04B9DA8216F3B3BF00DCE173 /* MetaData.m in Sources */ = {isa = PBXBuildFile; fileRef = 04B9DA8116F3B3BF00DCE173 /* MetaData.m */; };
		04F386F1168E642600B4CB4A /* Cocoa.framework in Frameworks */ = {isa = PBXBuildFile; fileRef = 04F386F0168E642600B4CB4A /* Cocoa.framework */; };
		04F386FB168E642600B4CB4A /* InfoPlist.strings in Resources */ = {isa = PBXBuildFile; fileRef = 04F386F9168E642600B4CB4A /* InfoPlist.strings */; };
		04F386FD168E642600B4CB4A /* main.m in Sources */ = {isa = PBXBuildFile; fileRef = 04F386FC168E642600B4CB4A /* main.m */; };
		04F38701168E642600B4CB4A /* Credits.rtf in Resources */ = {isa = PBXBuildFile; fileRef = 04F386FF168E642600B4CB4A /* Credits.rtf */; };
		04F38704168E642600B4CB4A /* AppDelegate.m in Sources */ = {isa = PBXBuildFile; fileRef = 04F38703168E642600B4CB4A /* AppDelegate.m */; };
		04F38707168E642600B4CB4A /* MainMenu.xib in Resources */ = {isa = PBXBuildFile; fileRef = 04F38705168E642600B4CB4A /* MainMenu.xib */; };
		04F38716168E673100B4CB4A /* Python.framework in Frameworks */ = {isa = PBXBuildFile; fileRef = 04F38715168E673100B4CB4A /* Python.framework */; };
		04F38AAF168E6DD400B4CB4A /* HandleBar in Resources */ = {isa = PBXBuildFile; fileRef = 04F38AAE168E6DD400B4CB4A /* HandleBar */; };
		04F38ACD16907BDD00B4CB4A /* PrefIndexViewController.m in Sources */ = {isa = PBXBuildFile; fileRef = 04F38ACB16907BDD00B4CB4A /* PrefIndexViewController.m */; };
		04F38ACE16907BDD00B4CB4A /* PrefIndexViewController.xib in Resources */ = {isa = PBXBuildFile; fileRef = 04F38ACC16907BDD00B4CB4A /* PrefIndexViewController.xib */; };
		04F38AD316907BFD00B4CB4A /* PrefConfigViewController.m in Sources */ = {isa = PBXBuildFile; fileRef = 04F38AD116907BFD00B4CB4A /* PrefConfigViewController.m */; };
		04F38AD416907BFD00B4CB4A /* PrefConfigViewController.xib in Resources */ = {isa = PBXBuildFile; fileRef = 04F38AD216907BFD00B4CB4A /* PrefConfigViewController.xib */; };
		04F38ADE16907CCA00B4CB4A /* MASPreferencesWindow.xib in Resources */ = {isa = PBXBuildFile; fileRef = 04F38ADA16907CCA00B4CB4A /* MASPreferencesWindow.xib */; };
		04F38ADF16907CCA00B4CB4A /* MASPreferencesWindowController.m in Sources */ = {isa = PBXBuildFile; fileRef = 04F38ADC16907CCA00B4CB4A /* MASPreferencesWindowController.m */; };
		04F38AE61690EB8B00B4CB4A /* Cocoa.framework in Frameworks */ = {isa = PBXBuildFile; fileRef = 04F386F0168E642600B4CB4A /* Cocoa.framework */; };
		04F38AEC1690EB8B00B4CB4A /* InfoPlist.strings in Resources */ = {isa = PBXBuildFile; fileRef = 04F38AEA1690EB8B00B4CB4A /* InfoPlist.strings */; };
		04F38AEE1690EB8B00B4CB4A /* main.m in Sources */ = {isa = PBXBuildFile; fileRef = 04F38AED1690EB8B00B4CB4A /* main.m */; };
		04F38AF21690EB8B00B4CB4A /* Credits.rtf in Resources */ = {isa = PBXBuildFile; fileRef = 04F38AF01690EB8B00B4CB4A /* Credits.rtf */; };
		04F38AF51690EB8B00B4CB4A /* AppDelegate.m in Sources */ = {isa = PBXBuildFile; fileRef = 04F38AF41690EB8B00B4CB4A /* AppDelegate.m */; };
		04F38AF81690EB8B00B4CB4A /* MainMenu.xib in Resources */ = {isa = PBXBuildFile; fileRef = 04F38AF61690EB8B00B4CB4A /* MainMenu.xib */; };
		04F38AFD1690EC0600B4CB4A /* HandleBarHelperApp.app in CopyFiles */ = {isa = PBXBuildFile; fileRef = 04F38AE41690EB8A00B4CB4A /* HandleBarHelperApp.app */; };
		04F38AFF1690EC3D00B4CB4A /* ServiceManagement.framework in Frameworks */ = {isa = PBXBuildFile; fileRef = 04F38AFE1690EC3D00B4CB4A /* ServiceManagement.framework */; };
		04F38B021690F14100B4CB4A /* StartAtLoginController.m in Sources */ = {isa = PBXBuildFile; fileRef = 04F38B011690EC6D00B4CB4A /* StartAtLoginController.m */; };
/* End PBXBuildFile section */

/* Begin PBXCopyFilesBuildPhase section */
		04F38AFC1690EBD600B4CB4A /* CopyFiles */ = {
			isa = PBXCopyFilesBuildPhase;
			buildActionMask = 2147483647;
			dstPath = Contents/Library/LoginItems;
			dstSubfolderSpec = 10;
			files = (
				04F38AFD1690EC0600B4CB4A /* HandleBarHelperApp.app in CopyFiles */,
			);
			runOnlyForDeploymentPostprocessing = 0;
		};
/* End PBXCopyFilesBuildPhase section */

/* Begin PBXFileReference section */
		0415071616B9B77F00D9AB7A /* ScriptingBridge.framework */ = {isa = PBXFileReference; lastKnownFileType = wrapper.framework; name = ScriptingBridge.framework; path = System/Library/Frameworks/ScriptingBridge.framework; sourceTree = SDKROOT; };
		0415072A16B9CFCE00D9AB7A /* Security.framework */ = {isa = PBXFileReference; lastKnownFileType = wrapper.framework; name = Security.framework; path = System/Library/Frameworks/Security.framework; sourceTree = SDKROOT; };
		0433349E16ED43FC0029C2F3 /* Util.h */ = {isa = PBXFileReference; fileEncoding = 4; lastKnownFileType = sourcecode.c.h; path = Util.h; sourceTree = "<group>"; };
		0433349F16ED43FC0029C2F3 /* Util.m */ = {isa = PBXFileReference; fileEncoding = 4; lastKnownFileType = sourcecode.c.objc; path = Util.m; sourceTree = "<group>"; };
		043334A116ED44240029C2F3 /* NSFileManager+Directories.h */ = {isa = PBXFileReference; fileEncoding = 4; lastKnownFileType = sourcecode.c.h; path = "NSFileManager+Directories.h"; sourceTree = "<group>"; };
		043334A216ED44240029C2F3 /* NSFileManager+Directories.m */ = {isa = PBXFileReference; fileEncoding = 4; lastKnownFileType = sourcecode.c.objc; path = "NSFileManager+Directories.m"; sourceTree = "<group>"; };
		043A043116EFDBDF001514B0 /* NSOperationQueue+CWSharedQueue.h */ = {isa = PBXFileReference; lastKnownFileType = sourcecode.c.h; path = "NSOperationQueue+CWSharedQueue.h"; sourceTree = "<group>"; };
		043A043216EFDBDF001514B0 /* NSOperationQueue+CWSharedQueue.m */ = {isa = PBXFileReference; lastKnownFileType = sourcecode.c.objc; path = "NSOperationQueue+CWSharedQueue.m"; sourceTree = "<group>"; };
		043A043416EFE3FD001514B0 /* HandBrakeCLI */ = {isa = PBXFileReference; lastKnownFileType = "compiled.mach-o.executable"; path = HandBrakeCLI; sourceTree = "<group>"; };
		043A043616EFEA41001514B0 /* SublerCLI */ = {isa = PBXFileReference; lastKnownFileType = "compiled.mach-o.executable"; path = SublerCLI; sourceTree = "<group>"; };
		043A055916F20006001514B0 /* AVFoundation.framework */ = {isa = PBXFileReference; lastKnownFileType = wrapper.framework; name = AVFoundation.framework; path = System/Library/Frameworks/AVFoundation.framework; sourceTree = SDKROOT; };
		043A055B16F22434001514B0 /* ffmpeg */ = {isa = PBXFileReference; lastKnownFileType = "compiled.mach-o.executable"; path = ffmpeg; sourceTree = "<group>"; };
		043A055F16F26111001514B0 /* Python_Pyhton.h */ = {isa = PBXFileReference; lastKnownFileType = sourcecode.c.h; path = Python_Pyhton.h; sourceTree = "<group>"; };
		0443EBFB16EDE3C60090EE4A /* README.md */ = {isa = PBXFileReference; fileEncoding = 4; lastKnownFileType = text; path = README.md; sourceTree = "<group>"; };
		0443EBFC16EDE3C60090EE4A /* VDKQueue.h */ = {isa = PBXFileReference; fileEncoding = 4; lastKnownFileType = sourcecode.c.h; path = VDKQueue.h; sourceTree = "<group>"; };
		0443EBFD16EDE3C60090EE4A /* VDKQueue.m */ = {isa = PBXFileReference; fileEncoding = 4; lastKnownFileType = sourcecode.c.objc; path = VDKQueue.m; sourceTree = "<group>"; };
		0443EC0016EE7DB00090EE4A /* Converter.h */ = {isa = PBXFileReference; fileEncoding = 4; lastKnownFileType = sourcecode.c.h; path = Converter.h; sourceTree = "<group>"; };
		0443EC0116EE7DB00090EE4A /* Converter.m */ = {isa = PBXFileReference; fileEncoding = 4; lastKnownFileType = sourcecode.c.objc; path = Converter.m; sourceTree = "<group>"; };
		044B307516F902F50093AEC9 /* Movie.h */ = {isa = PBXFileReference; fileEncoding = 4; lastKnownFileType = sourcecode.c.h; path = Movie.h; sourceTree = "<group>"; };
		044B307616F902F50093AEC9 /* Movie.m */ = {isa = PBXFileReference; fileEncoding = 4; lastKnownFileType = sourcecode.c.objc; path = Movie.m; sourceTree = "<group>"; };
		044B307D16F905460093AEC9 /* NSString+Helper.h */ = {isa = PBXFileReference; fileEncoding = 4; lastKnownFileType = sourcecode.c.h; path = "NSString+Helper.h"; sourceTree = "<group>"; };
		044B307E16F905460093AEC9 /* NSString+Helper.m */ = {isa = PBXFileReference; fileEncoding = 4; lastKnownFileType = sourcecode.c.objc; path = "NSString+Helper.m"; sourceTree = "<group>"; };
		044B307F16F905460093AEC9 /* iTVDb.h */ = {isa = PBXFileReference; fileEncoding = 4; lastKnownFileType = sourcecode.c.h; path = iTVDb.h; sourceTree = "<group>"; };
		044B308016F905460093AEC9 /* iTVDb.podspec */ = {isa = PBXFileReference; fileEncoding = 4; lastKnownFileType = text; path = iTVDb.podspec; sourceTree = "<group>"; };
		044B308116F905460093AEC9 /* LICENSE */ = {isa = PBXFileReference; fileEncoding = 4; lastKnownFileType = text; path = LICENSE; sourceTree = "<group>"; };
		044B308216F905460093AEC9 /* README.md */ = {isa = PBXFileReference; fileEncoding = 4; lastKnownFileType = text; path = README.md; sourceTree = "<group>"; };
		044B308316F905460093AEC9 /* TVDbClient.h */ = {isa = PBXFileReference; fileEncoding = 4; lastKnownFileType = sourcecode.c.h; path = TVDbClient.h; sourceTree = "<group>"; };
		044B308416F905460093AEC9 /* TVDbClient.m */ = {isa = PBXFileReference; fileEncoding = 4; lastKnownFileType = sourcecode.c.objc; path = TVDbClient.m; sourceTree = "<group>"; };
		044B308516F905460093AEC9 /* TVDbEpisode.h */ = {isa = PBXFileReference; fileEncoding = 4; lastKnownFileType = sourcecode.c.h; path = TVDbEpisode.h; sourceTree = "<group>"; };
		044B308616F905460093AEC9 /* TVDbEpisode.m */ = {isa = PBXFileReference; fileEncoding = 4; lastKnownFileType = sourcecode.c.objc; path = TVDbEpisode.m; sourceTree = "<group>"; };
		044B308716F905460093AEC9 /* TVDbImage.h */ = {isa = PBXFileReference; fileEncoding = 4; lastKnownFileType = sourcecode.c.h; path = TVDbImage.h; sourceTree = "<group>"; };
		044B308816F905460093AEC9 /* TVDbImage.m */ = {isa = PBXFileReference; fileEncoding = 4; lastKnownFileType = sourcecode.c.objc; path = TVDbImage.m; sourceTree = "<group>"; };
		044B308916F905460093AEC9 /* TVDbShow.h */ = {isa = PBXFileReference; fileEncoding = 4; lastKnownFileType = sourcecode.c.h; path = TVDbShow.h; sourceTree = "<group>"; };
		044B308A16F905460093AEC9 /* TVDbShow.m */ = {isa = PBXFileReference; fileEncoding = 4; lastKnownFileType = sourcecode.c.objc; path = TVDbShow.m; sourceTree = "<group>"; };
		044B308B16F905460093AEC9 /* TVDbUpdater.h */ = {isa = PBXFileReference; fileEncoding = 4; lastKnownFileType = sourcecode.c.h; path = TVDbUpdater.h; sourceTree = "<group>"; };
		044B308C16F905460093AEC9 /* TVDbUpdater.m */ = {isa = PBXFileReference; fileEncoding = 4; lastKnownFileType = sourcecode.c.objc; path = TVDbUpdater.m; sourceTree = "<group>"; };
		044B308E16F905460093AEC9 /* XMLReader.h */ = {isa = PBXFileReference; fileEncoding = 4; lastKnownFileType = sourcecode.c.h; path = XMLReader.h; sourceTree = "<group>"; };
		044B308F16F905460093AEC9 /* XMLReader.m */ = {isa = PBXFileReference; fileEncoding = 4; lastKnownFileType = sourcecode.c.objc; path = XMLReader.m; sourceTree = "<group>"; };
		044B309A16F905DE0093AEC9 /* TVShow.h */ = {isa = PBXFileReference; fileEncoding = 4; lastKnownFileType = sourcecode.c.h; path = TVShow.h; sourceTree = "<group>"; };
		044B309B16F905DE0093AEC9 /* TVShow.m */ = {isa = PBXFileReference; fileEncoding = 4; lastKnownFileType = sourcecode.c.objc; path = TVShow.m; sourceTree = "<group>"; };
		044B309D16F908510093AEC9 /* IMDB.h */ = {isa = PBXFileReference; fileEncoding = 4; lastKnownFileType = sourcecode.c.h; path = IMDB.h; sourceTree = "<group>"; };
		044B309E16F908510093AEC9 /* IMDB.m */ = {isa = PBXFileReference; fileEncoding = 4; lastKnownFileType = sourcecode.c.objc; path = IMDB.m; sourceTree = "<group>"; };
		049ACB1016C5798E007F103C /* handleBarIcon.png */ = {isa = PBXFileReference; lastKnownFileType = image.png; path = handleBarIcon.png; sourceTree = "<group>"; };
		04B4D96716E6AD6700BFE4AF /* PrefLocationsViewController.h */ = {isa = PBXFileReference; fileEncoding = 4; lastKnownFileType = sourcecode.c.h; path = PrefLocationsViewController.h; sourceTree = "<group>"; };
		04B4D96816E6AD6700BFE4AF /* PrefLocationsViewController.m */ = {isa = PBXFileReference; fileEncoding = 4; lastKnownFileType = sourcecode.c.objc; path = PrefLocationsViewController.m; sourceTree = "<group>"; };
		04B4D96A16E6B1FA00BFE4AF /* PrefLocationsViewController.xib */ = {isa = PBXFileReference; fileEncoding = 4; lastKnownFileType = file.xib; path = PrefLocationsViewController.xib; sourceTree = "<group>"; };
		04B4D96E16E7588500BFE4AF /* Preferences.h */ = {isa = PBXFileReference; fileEncoding = 4; lastKnownFileType = sourcecode.c.h; path = Preferences.h; sourceTree = "<group>"; };
		04B4D96F16E7588500BFE4AF /* Preferences.m */ = {isa = PBXFileReference; fileEncoding = 4; lastKnownFileType = sourcecode.c.objc; path = Preferences.m; sourceTree = "<group>"; };
		04B4D97116E7A21400BFE4AF /* FileSelect.h */ = {isa = PBXFileReference; fileEncoding = 4; lastKnownFileType = sourcecode.c.h; path = FileSelect.h; sourceTree = "<group>"; };
		04B4D97216E7A21400BFE4AF /* FileSelect.m */ = {isa = PBXFileReference; fileEncoding = 4; lastKnownFileType = sourcecode.c.objc; path = FileSelect.m; sourceTree = "<group>"; };
		04B4D97416E7E28000BFE4AF /* languages.plist */ = {isa = PBXFileReference; fileEncoding = 4; lastKnownFileType = text.plist.xml; path = languages.plist; sourceTree = "<group>"; };
		04B9DA8016F3B3BF00DCE173 /* MetaData.h */ = {isa = PBXFileReference; fileEncoding = 4; lastKnownFileType = sourcecode.c.h; path = MetaData.h; sourceTree = "<group>"; };
		04B9DA8116F3B3BF00DCE173 /* MetaData.m */ = {isa = PBXFileReference; fileEncoding = 4; lastKnownFileType = sourcecode.c.objc; path = MetaData.m; sourceTree = "<group>"; };
		04F386EC168E642600B4CB4A /* HandleBarApp.app */ = {isa = PBXFileReference; explicitFileType = wrapper.application; includeInIndex = 0; path = HandleBarApp.app; sourceTree = BUILT_PRODUCTS_DIR; };
		04F386F0168E642600B4CB4A /* Cocoa.framework */ = {isa = PBXFileReference; lastKnownFileType = wrapper.framework; name = Cocoa.framework; path = System/Library/Frameworks/Cocoa.framework; sourceTree = SDKROOT; };
		04F386F3168E642600B4CB4A /* AppKit.framework */ = {isa = PBXFileReference; lastKnownFileType = wrapper.framework; name = AppKit.framework; path = System/Library/Frameworks/AppKit.framework; sourceTree = SDKROOT; };
		04F386F4168E642600B4CB4A /* CoreData.framework */ = {isa = PBXFileReference; lastKnownFileType = wrapper.framework; name = CoreData.framework; path = System/Library/Frameworks/CoreData.framework; sourceTree = SDKROOT; };
		04F386F5168E642600B4CB4A /* Foundation.framework */ = {isa = PBXFileReference; lastKnownFileType = wrapper.framework; name = Foundation.framework; path = System/Library/Frameworks/Foundation.framework; sourceTree = SDKROOT; };
		04F386F8168E642600B4CB4A /* HandleBarApp-Info.plist */ = {isa = PBXFileReference; lastKnownFileType = text.plist.xml; path = "HandleBarApp-Info.plist"; sourceTree = "<group>"; };
		04F386FA168E642600B4CB4A /* en */ = {isa = PBXFileReference; lastKnownFileType = text.plist.strings; name = en; path = en.lproj/InfoPlist.strings; sourceTree = "<group>"; };
		04F386FC168E642600B4CB4A /* main.m */ = {isa = PBXFileReference; lastKnownFileType = sourcecode.c.objc; path = main.m; sourceTree = "<group>"; };
		04F386FE168E642600B4CB4A /* HandleBarApp-Prefix.pch */ = {isa = PBXFileReference; lastKnownFileType = sourcecode.c.h; path = "HandleBarApp-Prefix.pch"; sourceTree = "<group>"; };
		04F38700168E642600B4CB4A /* en */ = {isa = PBXFileReference; lastKnownFileType = text.rtf; name = en; path = en.lproj/Credits.rtf; sourceTree = "<group>"; };
		04F38702168E642600B4CB4A /* AppDelegate.h */ = {isa = PBXFileReference; lastKnownFileType = sourcecode.c.h; path = AppDelegate.h; sourceTree = "<group>"; };
		04F38703168E642600B4CB4A /* AppDelegate.m */ = {isa = PBXFileReference; lastKnownFileType = sourcecode.c.objc; path = AppDelegate.m; sourceTree = "<group>"; };
		04F38706168E642600B4CB4A /* en */ = {isa = PBXFileReference; lastKnownFileType = file.xib; name = en; path = en.lproj/MainMenu.xib; sourceTree = "<group>"; };
		04F38715168E673100B4CB4A /* Python.framework */ = {isa = PBXFileReference; lastKnownFileType = wrapper.framework; name = Python.framework; path = System/Library/Frameworks/Python.framework; sourceTree = SDKROOT; };
		04F38AAE168E6DD400B4CB4A /* HandleBar */ = {isa = PBXFileReference; lastKnownFileType = folder; name = HandleBar; path = ../HandleBar; sourceTree = "<group>"; };
		04F38ACA16907BDD00B4CB4A /* PrefIndexViewController.h */ = {isa = PBXFileReference; fileEncoding = 4; lastKnownFileType = sourcecode.c.h; path = PrefIndexViewController.h; sourceTree = "<group>"; };
		04F38ACB16907BDD00B4CB4A /* PrefIndexViewController.m */ = {isa = PBXFileReference; fileEncoding = 4; lastKnownFileType = sourcecode.c.objc; path = PrefIndexViewController.m; sourceTree = "<group>"; };
		04F38ACC16907BDD00B4CB4A /* PrefIndexViewController.xib */ = {isa = PBXFileReference; fileEncoding = 4; lastKnownFileType = file.xib; path = PrefIndexViewController.xib; sourceTree = "<group>"; };
		04F38AD016907BFD00B4CB4A /* PrefConfigViewController.h */ = {isa = PBXFileReference; fileEncoding = 4; lastKnownFileType = sourcecode.c.h; path = PrefConfigViewController.h; sourceTree = "<group>"; };
		04F38AD116907BFD00B4CB4A /* PrefConfigViewController.m */ = {isa = PBXFileReference; fileEncoding = 4; lastKnownFileType = sourcecode.c.objc; path = PrefConfigViewController.m; sourceTree = "<group>"; };
		04F38AD216907BFD00B4CB4A /* PrefConfigViewController.xib */ = {isa = PBXFileReference; fileEncoding = 4; lastKnownFileType = file.xib; path = PrefConfigViewController.xib; sourceTree = "<group>"; };
		04F38AD916907CCA00B4CB4A /* MASPreferencesViewController.h */ = {isa = PBXFileReference; fileEncoding = 4; lastKnownFileType = sourcecode.c.h; path = MASPreferencesViewController.h; sourceTree = "<group>"; };
		04F38ADA16907CCA00B4CB4A /* MASPreferencesWindow.xib */ = {isa = PBXFileReference; fileEncoding = 4; lastKnownFileType = file.xib; path = MASPreferencesWindow.xib; sourceTree = "<group>"; };
		04F38ADB16907CCA00B4CB4A /* MASPreferencesWindowController.h */ = {isa = PBXFileReference; fileEncoding = 4; lastKnownFileType = sourcecode.c.h; path = MASPreferencesWindowController.h; sourceTree = "<group>"; };
		04F38ADC16907CCA00B4CB4A /* MASPreferencesWindowController.m */ = {isa = PBXFileReference; fileEncoding = 4; lastKnownFileType = sourcecode.c.objc; path = MASPreferencesWindowController.m; sourceTree = "<group>"; };
		04F38AE41690EB8A00B4CB4A /* HandleBarHelperApp.app */ = {isa = PBXFileReference; explicitFileType = wrapper.application; includeInIndex = 0; path = HandleBarHelperApp.app; sourceTree = BUILT_PRODUCTS_DIR; };
		04F38AE91690EB8B00B4CB4A /* HandleBarHelperApp-Info.plist */ = {isa = PBXFileReference; lastKnownFileType = text.plist.xml; path = "HandleBarHelperApp-Info.plist"; sourceTree = "<group>"; };
		04F38AEB1690EB8B00B4CB4A /* en */ = {isa = PBXFileReference; lastKnownFileType = text.plist.strings; name = en; path = en.lproj/InfoPlist.strings; sourceTree = "<group>"; };
		04F38AED1690EB8B00B4CB4A /* main.m */ = {isa = PBXFileReference; lastKnownFileType = sourcecode.c.objc; path = main.m; sourceTree = "<group>"; };
		04F38AEF1690EB8B00B4CB4A /* HandleBarHelperApp-Prefix.pch */ = {isa = PBXFileReference; lastKnownFileType = sourcecode.c.h; path = "HandleBarHelperApp-Prefix.pch"; sourceTree = "<group>"; };
		04F38AF11690EB8B00B4CB4A /* en */ = {isa = PBXFileReference; lastKnownFileType = text.rtf; name = en; path = en.lproj/Credits.rtf; sourceTree = "<group>"; };
		04F38AF31690EB8B00B4CB4A /* AppDelegate.h */ = {isa = PBXFileReference; lastKnownFileType = sourcecode.c.h; path = AppDelegate.h; sourceTree = "<group>"; };
		04F38AF41690EB8B00B4CB4A /* AppDelegate.m */ = {isa = PBXFileReference; lastKnownFileType = sourcecode.c.objc; path = AppDelegate.m; sourceTree = "<group>"; };
		04F38AF71690EB8B00B4CB4A /* en */ = {isa = PBXFileReference; lastKnownFileType = file.xib; name = en; path = en.lproj/MainMenu.xib; sourceTree = "<group>"; };
		04F38AFE1690EC3D00B4CB4A /* ServiceManagement.framework */ = {isa = PBXFileReference; lastKnownFileType = wrapper.framework; name = ServiceManagement.framework; path = System/Library/Frameworks/ServiceManagement.framework; sourceTree = SDKROOT; };
		04F38B001690EC6D00B4CB4A /* StartAtLoginController.h */ = {isa = PBXFileReference; lastKnownFileType = sourcecode.c.h; name = StartAtLoginController.h; path = ../StartAtLoginController.h; sourceTree = "<group>"; };
		04F38B011690EC6D00B4CB4A /* StartAtLoginController.m */ = {isa = PBXFileReference; lastKnownFileType = sourcecode.c.objc; name = StartAtLoginController.m; path = ../StartAtLoginController.m; sourceTree = "<group>"; };
/* End PBXFileReference section */

/* Begin PBXFrameworksBuildPhase section */
		04F386E9168E642600B4CB4A /* Frameworks */ = {
			isa = PBXFrameworksBuildPhase;
			buildActionMask = 2147483647;
			files = (
				043A055A16F20006001514B0 /* AVFoundation.framework in Frameworks */,
				0415072B16B9CFCE00D9AB7A /* Security.framework in Frameworks */,
				0415071A16B9B94C00D9AB7A /* ScriptingBridge.framework in Frameworks */,
				04F38AFF1690EC3D00B4CB4A /* ServiceManagement.framework in Frameworks */,
				04F38716168E673100B4CB4A /* Python.framework in Frameworks */,
				04F386F1168E642600B4CB4A /* Cocoa.framework in Frameworks */,
			);
			runOnlyForDeploymentPostprocessing = 0;
		};
		04F38AE11690EB8A00B4CB4A /* Frameworks */ = {
			isa = PBXFrameworksBuildPhase;
			buildActionMask = 2147483647;
			files = (
				0415071716B9B77F00D9AB7A /* ScriptingBridge.framework in Frameworks */,
				04F38AE61690EB8B00B4CB4A /* Cocoa.framework in Frameworks */,
			);
			runOnlyForDeploymentPostprocessing = 0;
		};
/* End PBXFrameworksBuildPhase section */

/* Begin PBXGroup section */
		043A055D16F22446001514B0 /* Bin */ = {
			isa = PBXGroup;
			children = (
				043A055B16F22434001514B0 /* ffmpeg */,
				043A043616EFEA41001514B0 /* SublerCLI */,
				043A043416EFE3FD001514B0 /* HandBrakeCLI */,
			);
			name = Bin;
			sourceTree = "<group>";
		};
		043A055E16F2246F001514B0 /* Images */ = {
			isa = PBXGroup;
			children = (
				049ACB1016C5798E007F103C /* handleBarIcon.png */,
			);
			name = Images;
			sourceTree = "<group>";
		};
		0443EBFA16EDE3C60090EE4A /* VDKQueue */ = {
			isa = PBXGroup;
			children = (
				0443EBFB16EDE3C60090EE4A /* README.md */,
				0443EBFC16EDE3C60090EE4A /* VDKQueue.h */,
				0443EBFD16EDE3C60090EE4A /* VDKQueue.m */,
			);
			path = VDKQueue;
			sourceTree = "<group>";
		};
		044B307B16F905460093AEC9 /* itvdb */ = {
			isa = PBXGroup;
			children = (
				044B307C16F905460093AEC9 /* Helpers */,
				044B307F16F905460093AEC9 /* iTVDb.h */,
				044B308016F905460093AEC9 /* iTVDb.podspec */,
				044B308116F905460093AEC9 /* LICENSE */,
				044B308216F905460093AEC9 /* README.md */,
				044B308316F905460093AEC9 /* TVDbClient.h */,
				044B308416F905460093AEC9 /* TVDbClient.m */,
				044B308516F905460093AEC9 /* TVDbEpisode.h */,
				044B308616F905460093AEC9 /* TVDbEpisode.m */,
				044B308716F905460093AEC9 /* TVDbImage.h */,
				044B308816F905460093AEC9 /* TVDbImage.m */,
				044B308916F905460093AEC9 /* TVDbShow.h */,
				044B308A16F905460093AEC9 /* TVDbShow.m */,
				044B308B16F905460093AEC9 /* TVDbUpdater.h */,
				044B308C16F905460093AEC9 /* TVDbUpdater.m */,
				044B308D16F905460093AEC9 /* XMLReader */,
			);
			path = itvdb;
			sourceTree = "<group>";
		};
		044B307C16F905460093AEC9 /* Helpers */ = {
			isa = PBXGroup;
			children = (
				044B307D16F905460093AEC9 /* NSString+Helper.h */,
				044B307E16F905460093AEC9 /* NSString+Helper.m */,
			);
			path = Helpers;
			sourceTree = "<group>";
		};
		044B308D16F905460093AEC9 /* XMLReader */ = {
			isa = PBXGroup;
			children = (
				044B308E16F905460093AEC9 /* XMLReader.h */,
				044B308F16F905460093AEC9 /* XMLReader.m */,
			);
			path = XMLReader;
			sourceTree = "<group>";
		};
		04B4D96C16E7580300BFE4AF /* Preferences */ = {
			isa = PBXGroup;
			children = (
				04B4D96E16E7588500BFE4AF /* Preferences.h */,
				04B4D96F16E7588500BFE4AF /* Preferences.m */,
				04F38ACC16907BDD00B4CB4A /* PrefIndexViewController.xib */,
				04F38AD216907BFD00B4CB4A /* PrefConfigViewController.xib */,
				04B4D96A16E6B1FA00BFE4AF /* PrefLocationsViewController.xib */,
				04F38ACA16907BDD00B4CB4A /* PrefIndexViewController.h */,
				04F38ACB16907BDD00B4CB4A /* PrefIndexViewController.m */,
				04F38AD016907BFD00B4CB4A /* PrefConfigViewController.h */,
				04F38AD116907BFD00B4CB4A /* PrefConfigViewController.m */,
				04B4D96716E6AD6700BFE4AF /* PrefLocationsViewController.h */,
				04B4D96816E6AD6700BFE4AF /* PrefLocationsViewController.m */,
			);
			name = Preferences;
			sourceTree = "<group>";
		};
		04B4D96D16E7581500BFE4AF /* Lib */ = {
			isa = PBXGroup;
			children = (
				044B309D16F908510093AEC9 /* IMDB.h */,
				044B309E16F908510093AEC9 /* IMDB.m */,
				044B307B16F905460093AEC9 /* itvdb */,
				043A043116EFDBDF001514B0 /* NSOperationQueue+CWSharedQueue.h */,
				043A043216EFDBDF001514B0 /* NSOperationQueue+CWSharedQueue.m */,
				04F38B001690EC6D00B4CB4A /* StartAtLoginController.h */,
				04F38B011690EC6D00B4CB4A /* StartAtLoginController.m */,
				0443EBFA16EDE3C60090EE4A /* VDKQueue */,
				04F38AD716907CCA00B4CB4A /* MASPreferences */,
				043A055D16F22446001514B0 /* Bin */,
			);
			name = Lib;
			sourceTree = "<group>";
		};
		04F386E1168E642600B4CB4A = {
			isa = PBXGroup;
			children = (
				04F38AAE168E6DD400B4CB4A /* HandleBar */,
				04F386F6168E642600B4CB4A /* HandleBarApp */,
				04F38AE71690EB8B00B4CB4A /* HandleBarHelperApp */,
				04F386EF168E642600B4CB4A /* Frameworks */,
				04F386ED168E642600B4CB4A /* Products */,
			);
			sourceTree = "<group>";
		};
		04F386ED168E642600B4CB4A /* Products */ = {
			isa = PBXGroup;
			children = (
				04F386EC168E642600B4CB4A /* HandleBarApp.app */,
				04F38AE41690EB8A00B4CB4A /* HandleBarHelperApp.app */,
			);
			name = Products;
			sourceTree = "<group>";
		};
		04F386EF168E642600B4CB4A /* Frameworks */ = {
			isa = PBXGroup;
			children = (
				043A055916F20006001514B0 /* AVFoundation.framework */,
				0415072A16B9CFCE00D9AB7A /* Security.framework */,
				0415071616B9B77F00D9AB7A /* ScriptingBridge.framework */,
				04F38AFE1690EC3D00B4CB4A /* ServiceManagement.framework */,
				04F38715168E673100B4CB4A /* Python.framework */,
				04F386F0168E642600B4CB4A /* Cocoa.framework */,
				04F386F2168E642600B4CB4A /* Other Frameworks */,
			);
			name = Frameworks;
			sourceTree = "<group>";
		};
		04F386F2168E642600B4CB4A /* Other Frameworks */ = {
			isa = PBXGroup;
			children = (
				04F386F3168E642600B4CB4A /* AppKit.framework */,
				04F386F4168E642600B4CB4A /* CoreData.framework */,
				04F386F5168E642600B4CB4A /* Foundation.framework */,
			);
			name = "Other Frameworks";
			sourceTree = "<group>";
		};
		04F386F6168E642600B4CB4A /* HandleBarApp */ = {
			isa = PBXGroup;
			children = (
				04F38702168E642600B4CB4A /* AppDelegate.h */,
				04F38703168E642600B4CB4A /* AppDelegate.m */,
				04B4D97116E7A21400BFE4AF /* FileSelect.h */,
				04B4D97216E7A21400BFE4AF /* FileSelect.m */,
				0443EC0016EE7DB00090EE4A /* Converter.h */,
				0443EC0116EE7DB00090EE4A /* Converter.m */,
				04B9DA8016F3B3BF00DCE173 /* MetaData.h */,
				04B9DA8116F3B3BF00DCE173 /* MetaData.m */,
				044B309A16F905DE0093AEC9 /* TVShow.h */,
				044B309B16F905DE0093AEC9 /* TVShow.m */,
				044B307516F902F50093AEC9 /* Movie.h */,
				044B307616F902F50093AEC9 /* Movie.m */,
				0433349E16ED43FC0029C2F3 /* Util.h */,
				0433349F16ED43FC0029C2F3 /* Util.m */,
				043334A116ED44240029C2F3 /* NSFileManager+Directories.h */,
				043334A216ED44240029C2F3 /* NSFileManager+Directories.m */,
				043A055F16F26111001514B0 /* Python_Pyhton.h */,
				04F38705168E642600B4CB4A /* MainMenu.xib */,
				04B4D96C16E7580300BFE4AF /* Preferences */,
				04B4D96D16E7581500BFE4AF /* Lib */,
				043A055E16F2246F001514B0 /* Images */,
				04F386F7168E642600B4CB4A /* Supporting Files */,
			);
			path = HandleBarApp;
			sourceTree = "<group>";
		};
		04F386F7168E642600B4CB4A /* Supporting Files */ = {
			isa = PBXGroup;
			children = (
				04F386F8168E642600B4CB4A /* HandleBarApp-Info.plist */,
				04F386F9168E642600B4CB4A /* InfoPlist.strings */,
				04F386FC168E642600B4CB4A /* main.m */,
				04F386FE168E642600B4CB4A /* HandleBarApp-Prefix.pch */,
				04F386FF168E642600B4CB4A /* Credits.rtf */,
				04B4D97416E7E28000BFE4AF /* languages.plist */,
			);
			name = "Supporting Files";
			sourceTree = "<group>";
		};
		04F38AD716907CCA00B4CB4A /* MASPreferences */ = {
			isa = PBXGroup;
			children = (
				04F38AD916907CCA00B4CB4A /* MASPreferencesViewController.h */,
				04F38ADA16907CCA00B4CB4A /* MASPreferencesWindow.xib */,
				04F38ADB16907CCA00B4CB4A /* MASPreferencesWindowController.h */,
				04F38ADC16907CCA00B4CB4A /* MASPreferencesWindowController.m */,
			);
			name = MASPreferences;
			path = ../MASPreferences;
			sourceTree = "<group>";
		};
		04F38AE71690EB8B00B4CB4A /* HandleBarHelperApp */ = {
			isa = PBXGroup;
			children = (
				04F38AF31690EB8B00B4CB4A /* AppDelegate.h */,
				04F38AF41690EB8B00B4CB4A /* AppDelegate.m */,
				04F38AF61690EB8B00B4CB4A /* MainMenu.xib */,
				04F38AE81690EB8B00B4CB4A /* Supporting Files */,
			);
			path = HandleBarHelperApp;
			sourceTree = "<group>";
		};
		04F38AE81690EB8B00B4CB4A /* Supporting Files */ = {
			isa = PBXGroup;
			children = (
				04F38AE91690EB8B00B4CB4A /* HandleBarHelperApp-Info.plist */,
				04F38AEA1690EB8B00B4CB4A /* InfoPlist.strings */,
				04F38AED1690EB8B00B4CB4A /* main.m */,
				04F38AEF1690EB8B00B4CB4A /* HandleBarHelperApp-Prefix.pch */,
				04F38AF01690EB8B00B4CB4A /* Credits.rtf */,
			);
			name = "Supporting Files";
			sourceTree = "<group>";
		};
/* End PBXGroup section */

/* Begin PBXNativeTarget section */
		04F386EB168E642600B4CB4A /* HandleBarApp */ = {
			isa = PBXNativeTarget;
			buildConfigurationList = 04F3870A168E642600B4CB4A /* Build configuration list for PBXNativeTarget "HandleBarApp" */;
			buildPhases = (
				04F386E8168E642600B4CB4A /* Sources */,
				04F386E9168E642600B4CB4A /* Frameworks */,
				04F386EA168E642600B4CB4A /* Resources */,
				04F38AFC1690EBD600B4CB4A /* CopyFiles */,
			);
			buildRules = (
			);
			dependencies = (
			);
			name = HandleBarApp;
			productName = HandleBarApp;
			productReference = 04F386EC168E642600B4CB4A /* HandleBarApp.app */;
			productType = "com.apple.product-type.application";
		};
		04F38AE31690EB8A00B4CB4A /* HandleBarHelperApp */ = {
			isa = PBXNativeTarget;
			buildConfigurationList = 04F38AF91690EB8B00B4CB4A /* Build configuration list for PBXNativeTarget "HandleBarHelperApp" */;
			buildPhases = (
				04F38AE01690EB8A00B4CB4A /* Sources */,
				04F38AE11690EB8A00B4CB4A /* Frameworks */,
				04F38AE21690EB8A00B4CB4A /* Resources */,
			);
			buildRules = (
			);
			dependencies = (
			);
			name = HandleBarHelperApp;
			productName = HandleBarHelperApp;
			productReference = 04F38AE41690EB8A00B4CB4A /* HandleBarHelperApp.app */;
			productType = "com.apple.product-type.application";
		};
/* End PBXNativeTarget section */

/* Begin PBXProject section */
		04F386E3168E642600B4CB4A /* Project object */ = {
			isa = PBXProject;
			attributes = {
				LastUpgradeCheck = 0450;
				ORGANIZATIONNAME = Mustacherious;
			};
			buildConfigurationList = 04F386E6168E642600B4CB4A /* Build configuration list for PBXProject "HandleBarApp" */;
			compatibilityVersion = "Xcode 3.2";
			developmentRegion = English;
			hasScannedForEncodings = 0;
			knownRegions = (
				en,
			);
			mainGroup = 04F386E1168E642600B4CB4A;
			productRefGroup = 04F386ED168E642600B4CB4A /* Products */;
			projectDirPath = "";
			projectRoot = "";
			targets = (
				04F386EB168E642600B4CB4A /* HandleBarApp */,
				04F38AE31690EB8A00B4CB4A /* HandleBarHelperApp */,
			);
		};
/* End PBXProject section */

/* Begin PBXResourcesBuildPhase section */
		04F386EA168E642600B4CB4A /* Resources */ = {
			isa = PBXResourcesBuildPhase;
			buildActionMask = 2147483647;
			files = (
				04F38AAF168E6DD400B4CB4A /* HandleBar in Resources */,
				04F386FB168E642600B4CB4A /* InfoPlist.strings in Resources */,
				04F38701168E642600B4CB4A /* Credits.rtf in Resources */,
				04F38707168E642600B4CB4A /* MainMenu.xib in Resources */,
				04F38ACE16907BDD00B4CB4A /* PrefIndexViewController.xib in Resources */,
				04F38AD416907BFD00B4CB4A /* PrefConfigViewController.xib in Resources */,
				04F38ADE16907CCA00B4CB4A /* MASPreferencesWindow.xib in Resources */,
				049ACB1116C5798E007F103C /* handleBarIcon.png in Resources */,
				04B4D96B16E6B1FA00BFE4AF /* PrefLocationsViewController.xib in Resources */,
				04B4D97516E7E28000BFE4AF /* languages.plist in Resources */,
				0443EBFE16EDE3C60090EE4A /* README.md in Resources */,
				043A043516EFE3FD001514B0 /* HandBrakeCLI in Resources */,
				043A043716EFEA41001514B0 /* SublerCLI in Resources */,
				043A055C16F22434001514B0 /* ffmpeg in Resources */,
				044B309116F905460093AEC9 /* iTVDb.podspec in Resources */,
				044B309216F905460093AEC9 /* LICENSE in Resources */,
				044B309316F905460093AEC9 /* README.md in Resources */,
			);
			runOnlyForDeploymentPostprocessing = 0;
		};
		04F38AE21690EB8A00B4CB4A /* Resources */ = {
			isa = PBXResourcesBuildPhase;
			buildActionMask = 2147483647;
			files = (
				04F38AEC1690EB8B00B4CB4A /* InfoPlist.strings in Resources */,
				04F38AF21690EB8B00B4CB4A /* Credits.rtf in Resources */,
				04F38AF81690EB8B00B4CB4A /* MainMenu.xib in Resources */,
			);
			runOnlyForDeploymentPostprocessing = 0;
		};
/* End PBXResourcesBuildPhase section */

/* Begin PBXSourcesBuildPhase section */
		04F386E8168E642600B4CB4A /* Sources */ = {
			isa = PBXSourcesBuildPhase;
			buildActionMask = 2147483647;
			files = (
				043A043316EFDBF3001514B0 /* NSOperationQueue+CWSharedQueue.m in Sources */,
				04F38B021690F14100B4CB4A /* StartAtLoginController.m in Sources */,
				04F386FD168E642600B4CB4A /* main.m in Sources */,
				04F38704168E642600B4CB4A /* AppDelegate.m in Sources */,
				04F38ACD16907BDD00B4CB4A /* PrefIndexViewController.m in Sources */,
				04F38AD316907BFD00B4CB4A /* PrefConfigViewController.m in Sources */,
				04F38ADF16907CCA00B4CB4A /* MASPreferencesWindowController.m in Sources */,
				04B4D96916E6AD6700BFE4AF /* PrefLocationsViewController.m in Sources */,
				04B4D97016E7588500BFE4AF /* Preferences.m in Sources */,
				04B4D97316E7A21400BFE4AF /* FileSelect.m in Sources */,
				043334A016ED43FC0029C2F3 /* Util.m in Sources */,
				043334A316ED44240029C2F3 /* NSFileManager+Directories.m in Sources */,
				0443EBFF16EDE3C60090EE4A /* VDKQueue.m in Sources */,
				0443EC0216EE7DB00090EE4A /* Converter.m in Sources */,
				04B9DA8216F3B3BF00DCE173 /* MetaData.m in Sources */,
				044B307716F902F50093AEC9 /* Movie.m in Sources */,
				044B309016F905460093AEC9 /* NSString+Helper.m in Sources */,
				044B309416F905460093AEC9 /* TVDbClient.m in Sources */,
				044B309516F905460093AEC9 /* TVDbEpisode.m in Sources */,
				044B309616F905460093AEC9 /* TVDbImage.m in Sources */,
				044B309716F905460093AEC9 /* TVDbShow.m in Sources */,
				044B309816F905460093AEC9 /* TVDbUpdater.m in Sources */,
				044B309916F905460093AEC9 /* XMLReader.m in Sources */,
				044B309C16F905DE0093AEC9 /* TVShow.m in Sources */,
				044B309F16F908510093AEC9 /* IMDB.m in Sources */,
			);
			runOnlyForDeploymentPostprocessing = 0;
		};
		04F38AE01690EB8A00B4CB4A /* Sources */ = {
			isa = PBXSourcesBuildPhase;
			buildActionMask = 2147483647;
			files = (
				04F38AEE1690EB8B00B4CB4A /* main.m in Sources */,
				04F38AF51690EB8B00B4CB4A /* AppDelegate.m in Sources */,
			);
			runOnlyForDeploymentPostprocessing = 0;
		};
/* End PBXSourcesBuildPhase section */

/* Begin PBXVariantGroup section */
		04F386F9168E642600B4CB4A /* InfoPlist.strings */ = {
			isa = PBXVariantGroup;
			children = (
				04F386FA168E642600B4CB4A /* en */,
			);
			name = InfoPlist.strings;
			sourceTree = "<group>";
		};
		04F386FF168E642600B4CB4A /* Credits.rtf */ = {
			isa = PBXVariantGroup;
			children = (
				04F38700168E642600B4CB4A /* en */,
			);
			name = Credits.rtf;
			sourceTree = "<group>";
		};
		04F38705168E642600B4CB4A /* MainMenu.xib */ = {
			isa = PBXVariantGroup;
			children = (
				04F38706168E642600B4CB4A /* en */,
			);
			name = MainMenu.xib;
			sourceTree = "<group>";
		};
		04F38AEA1690EB8B00B4CB4A /* InfoPlist.strings */ = {
			isa = PBXVariantGroup;
			children = (
				04F38AEB1690EB8B00B4CB4A /* en */,
			);
			name = InfoPlist.strings;
			sourceTree = "<group>";
		};
		04F38AF01690EB8B00B4CB4A /* Credits.rtf */ = {
			isa = PBXVariantGroup;
			children = (
				04F38AF11690EB8B00B4CB4A /* en */,
			);
			name = Credits.rtf;
			sourceTree = "<group>";
		};
		04F38AF61690EB8B00B4CB4A /* MainMenu.xib */ = {
			isa = PBXVariantGroup;
			children = (
				04F38AF71690EB8B00B4CB4A /* en */,
			);
			name = MainMenu.xib;
			sourceTree = "<group>";
		};
/* End PBXVariantGroup section */

/* Begin XCBuildConfiguration section */
		04F38708168E642600B4CB4A /* Debug */ = {
			isa = XCBuildConfiguration;
			buildSettings = {
				ALWAYS_SEARCH_USER_PATHS = NO;
				ARCHS = "$(ARCHS_STANDARD_64_BIT)";
				CLANG_CXX_LANGUAGE_STANDARD = "gnu++0x";
				CLANG_CXX_LIBRARY = "libc++";
				CLANG_ENABLE_OBJC_ARC = YES;
				CLANG_WARN_EMPTY_BODY = YES;
				CLANG_WARN__DUPLICATE_METHOD_MATCH = YES;
				COPY_PHASE_STRIP = NO;
				GCC_C_LANGUAGE_STANDARD = gnu99;
				GCC_DYNAMIC_NO_PIC = NO;
				GCC_ENABLE_OBJC_EXCEPTIONS = YES;
				GCC_OPTIMIZATION_LEVEL = 0;
				GCC_PREPROCESSOR_DEFINITIONS = (
					"DEBUG=1",
					"$(inherited)",
				);
				GCC_SYMBOLS_PRIVATE_EXTERN = NO;
				GCC_WARN_64_TO_32_BIT_CONVERSION = YES;
				GCC_WARN_ABOUT_RETURN_TYPE = YES;
				GCC_WARN_UNINITIALIZED_AUTOS = YES;
				GCC_WARN_UNUSED_VARIABLE = YES;
				MACOSX_DEPLOYMENT_TARGET = 10.8;
				ONLY_ACTIVE_ARCH = YES;
				SDKROOT = macosx;
			};
			name = Debug;
		};
		04F38709168E642600B4CB4A /* Release */ = {
			isa = XCBuildConfiguration;
			buildSettings = {
				ALWAYS_SEARCH_USER_PATHS = NO;
				ARCHS = "$(ARCHS_STANDARD_64_BIT)";
				CLANG_CXX_LANGUAGE_STANDARD = "gnu++0x";
				CLANG_CXX_LIBRARY = "libc++";
				CLANG_ENABLE_OBJC_ARC = YES;
				CLANG_WARN_EMPTY_BODY = YES;
				CLANG_WARN__DUPLICATE_METHOD_MATCH = YES;
				COPY_PHASE_STRIP = YES;
				DEBUG_INFORMATION_FORMAT = "dwarf-with-dsym";
				GCC_C_LANGUAGE_STANDARD = gnu99;
				GCC_ENABLE_OBJC_EXCEPTIONS = YES;
				GCC_WARN_64_TO_32_BIT_CONVERSION = YES;
				GCC_WARN_ABOUT_RETURN_TYPE = YES;
				GCC_WARN_UNINITIALIZED_AUTOS = YES;
				GCC_WARN_UNUSED_VARIABLE = YES;
				MACOSX_DEPLOYMENT_TARGET = 10.8;
				SDKROOT = macosx;
			};
			name = Release;
		};
		04F3870B168E642600B4CB4A /* Debug */ = {
			isa = XCBuildConfiguration;
			buildSettings = {
				COMBINE_HIDPI_IMAGES = YES;
				GCC_PRECOMPILE_PREFIX_HEADER = YES;
				GCC_PREFIX_HEADER = "HandleBarApp/HandleBarApp-Prefix.pch";
				INFOPLIST_FILE = "HandleBarApp/HandleBarApp-Info.plist";
				LIBRARY_SEARCH_PATHS = "$(inherited)";
				PRODUCT_NAME = "$(TARGET_NAME)";
				WRAPPER_EXTENSION = app;
			};
			name = Debug;
		};
		04F3870C168E642600B4CB4A /* Release */ = {
			isa = XCBuildConfiguration;
			buildSettings = {
				COMBINE_HIDPI_IMAGES = YES;
				GCC_PRECOMPILE_PREFIX_HEADER = YES;
				GCC_PREFIX_HEADER = "HandleBarApp/HandleBarApp-Prefix.pch";
				INFOPLIST_FILE = "HandleBarApp/HandleBarApp-Info.plist";
				LIBRARY_SEARCH_PATHS = "$(inherited)";
				PRODUCT_NAME = "$(TARGET_NAME)";
				WRAPPER_EXTENSION = app;
			};
			name = Release;
		};
		04F38AFA1690EB8B00B4CB4A /* Debug */ = {
			isa = XCBuildConfiguration;
			buildSettings = {
				COMBINE_HIDPI_IMAGES = YES;
				GCC_PRECOMPILE_PREFIX_HEADER = YES;
				GCC_PREFIX_HEADER = "HandleBarHelperApp/HandleBarHelperApp-Prefix.pch";
				INFOPLIST_FILE = "HandleBarHelperApp/HandleBarHelperApp-Info.plist";
				PRODUCT_NAME = "$(TARGET_NAME)";
				WRAPPER_EXTENSION = app;
			};
			name = Debug;
		};
		04F38AFB1690EB8B00B4CB4A /* Release */ = {
			isa = XCBuildConfiguration;
			buildSettings = {
				COMBINE_HIDPI_IMAGES = YES;
				GCC_PRECOMPILE_PREFIX_HEADER = YES;
				GCC_PREFIX_HEADER = "HandleBarHelperApp/HandleBarHelperApp-Prefix.pch";
				INFOPLIST_FILE = "HandleBarHelperApp/HandleBarHelperApp-Info.plist";
				PRODUCT_NAME = "$(TARGET_NAME)";
				WRAPPER_EXTENSION = app;
			};
			name = Release;
		};
/* End XCBuildConfiguration section */

/* Begin XCConfigurationList section */
		04F386E6168E642600B4CB4A /* Build configuration list for PBXProject "HandleBarApp" */ = {
			isa = XCConfigurationList;
			buildConfigurations = (
				04F38708168E642600B4CB4A /* Debug */,
				04F38709168E642600B4CB4A /* Release */,
			);
			defaultConfigurationIsVisible = 0;
			defaultConfigurationName = Release;
		};
		04F3870A168E642600B4CB4A /* Build configuration list for PBXNativeTarget "HandleBarApp" */ = {
			isa = XCConfigurationList;
			buildConfigurations = (
				04F3870B168E642600B4CB4A /* Debug */,
				04F3870C168E642600B4CB4A /* Release */,
			);
			defaultConfigurationIsVisible = 0;
			defaultConfigurationName = Release;
		};
		04F38AF91690EB8B00B4CB4A /* Build configuration list for PBXNativeTarget "HandleBarHelperApp" */ = {
			isa = XCConfigurationList;
			buildConfigurations = (
				04F38AFA1690EB8B00B4CB4A /* Debug */,
				04F38AFB1690EB8B00B4CB4A /* Release */,
			);
			defaultConfigurationIsVisible = 0;
			defaultConfigurationName = Release;
		};
/* End XCConfigurationList section */
	};
	rootObject = 04F386E3168E642600B4CB4A /* Project object */;
}
